
Microsoft Visual Studio Solution File, Format Version 12.00
# Visual Studio Version 16
VisualStudioVersion = 16.0.29911.84
MinimumVisualStudioVersion = 15.0.26124.0
Project("{9A19103F-16F7-4668-BE54-9A1E7A4F7556}") = "Pipeline", "Pipeline\Pipeline.csproj", "{E2375805-36D7-4DE4-860B-0165CEDE1048}"
EndProject
Project("{2150E333-8FDC-42A3-9474-1A3956D46DE8}") = "RISAPI", "RISAPI", "{D9FC6A00-3A41-42B5-9C88-D67C0E0BC0A0}"
EndProject
Project("{FAE04EC0-301F-11D3-BF4B-00C04F79EFBC}") = "RISAPI.BLL", "RISAPI.BLL\RISAPI.BLL.csproj", "{A76CA312-F3BE-4FC7-9CDA-2CCC1F25835F}"
EndProject
Project("{FAE04EC0-301F-11D3-BF4B-00C04F79EFBC}") = "RISAPI.Client", "RISAPI.Client\RISAPI.Client.csproj", "{C3545D21-4EF0-4B72-B724-944648C6C28F}"
EndProject
Project("{FAE04EC0-301F-11D3-BF4B-00C04F79EFBC}") = "RISAPI.Database", "RISAPI.Database\RISAPI.Database.csproj", "{BEE6A274-0EDA-4305-B25B-666812FC10C2}"
EndProject
Project("{9A19103F-16F7-4668-BE54-9A1E7A4F7556}") = "RISAPI.Serverless", "RISAPI.Serverless\RISAPI.Serverless.csproj", "{F1BE4413-5B8C-4834-95B2-79F2C4C9D081}"
EndProject
Project("{9A19103F-16F7-4668-BE54-9A1E7A4F7556}") = "RISAPI.Serverless.Tests", "RISAPI.Serverless.Tests\RISAPI.Serverless.Tests.csproj", "{9EB221A3-3E86-4A0F-9FC6-590639FC6FF8}"
EndProject
Global
	GlobalSection(SolutionConfigurationPlatforms) = preSolution
		Debug|Any CPU = Debug|Any CPU
		Debug|x64 = Debug|x64
		Debug|x86 = Debug|x86
		Release|Any CPU = Release|Any CPU
		Release|x64 = Release|x64
		Release|x86 = Release|x86
	EndGlobalSection
	GlobalSection(ProjectConfigurationPlatforms) = postSolution
		{E2375805-36D7-4DE4-860B-0165CEDE1048}.Debug|Any CPU.ActiveCfg = Debug|Any CPU
		{E2375805-36D7-4DE4-860B-0165CEDE1048}.Debug|Any CPU.Build.0 = Debug|Any CPU
		{E2375805-36D7-4DE4-860B-0165CEDE1048}.Debug|x64.ActiveCfg = Debug|Any CPU
		{E2375805-36D7-4DE4-860B-0165CEDE1048}.Debug|x64.Build.0 = Debug|Any CPU
		{E2375805-36D7-4DE4-860B-0165CEDE1048}.Debug|x86.ActiveCfg = Debug|Any CPU
		{E2375805-36D7-4DE4-860B-0165CEDE1048}.Debug|x86.Build.0 = Debug|Any CPU
		{E2375805-36D7-4DE4-860B-0165CEDE1048}.Release|Any CPU.ActiveCfg = Release|Any CPU
		{E2375805-36D7-4DE4-860B-0165CEDE1048}.Release|Any CPU.Build.0 = Release|Any CPU
		{E2375805-36D7-4DE4-860B-0165CEDE1048}.Release|x64.ActiveCfg = Release|Any CPU
		{E2375805-36D7-4DE4-860B-0165CEDE1048}.Release|x64.Build.0 = Release|Any CPU
		{E2375805-36D7-4DE4-860B-0165CEDE1048}.Release|x86.ActiveCfg = Release|Any CPU
		{E2375805-36D7-4DE4-860B-0165CEDE1048}.Release|x86.Build.0 = Release|Any CPU
		{A76CA312-F3BE-4FC7-9CDA-2CCC1F25835F}.Debug|Any CPU.ActiveCfg = Debug|Any CPU
		{A76CA312-F3BE-4FC7-9CDA-2CCC1F25835F}.Debug|Any CPU.Build.0 = Debug|Any CPU
		{A76CA312-F3BE-4FC7-9CDA-2CCC1F25835F}.Debug|x64.ActiveCfg = Debug|Any CPU
		{A76CA312-F3BE-4FC7-9CDA-2CCC1F25835F}.Debug|x64.Build.0 = Debug|Any CPU
		{A76CA312-F3BE-4FC7-9CDA-2CCC1F25835F}.Debug|x86.ActiveCfg = Debug|Any CPU
		{A76CA312-F3BE-4FC7-9CDA-2CCC1F25835F}.Debug|x86.Build.0 = Debug|Any CPU
		{A76CA312-F3BE-4FC7-9CDA-2CCC1F25835F}.Release|Any CPU.ActiveCfg = Release|Any CPU
		{A76CA312-F3BE-4FC7-9CDA-2CCC1F25835F}.Release|Any CPU.Build.0 = Release|Any CPU
		{A76CA312-F3BE-4FC7-9CDA-2CCC1F25835F}.Release|x64.ActiveCfg = Release|Any CPU
		{A76CA312-F3BE-4FC7-9CDA-2CCC1F25835F}.Release|x64.Build.0 = Release|Any CPU
		{A76CA312-F3BE-4FC7-9CDA-2CCC1F25835F}.Release|x86.ActiveCfg = Release|Any CPU
		{A76CA312-F3BE-4FC7-9CDA-2CCC1F25835F}.Release|x86.Build.0 = Release|Any CPU
		{C3545D21-4EF0-4B72-B724-944648C6C28F}.Debug|Any CPU.ActiveCfg = Debug|Any CPU
		{C3545D21-4EF0-4B72-B724-944648C6C28F}.Debug|Any CPU.Build.0 = Debug|Any CPU
		{C3545D21-4EF0-4B72-B724-944648C6C28F}.Debug|x64.ActiveCfg = Debug|Any CPU
		{C3545D21-4EF0-4B72-B724-944648C6C28F}.Debug|x64.Build.0 = Debug|Any CPU
		{C3545D21-4EF0-4B72-B724-944648C6C28F}.Debug|x86.ActiveCfg = Debug|Any CPU
		{C3545D21-4EF0-4B72-B724-944648C6C28F}.Debug|x86.Build.0 = Debug|Any CPU
		{C3545D21-4EF0-4B72-B724-944648C6C28F}.Release|Any CPU.ActiveCfg = Release|Any CPU
		{C3545D21-4EF0-4B72-B724-944648C6C28F}.Release|Any CPU.Build.0 = Release|Any CPU
		{C3545D21-4EF0-4B72-B724-944648C6C28F}.Release|x64.ActiveCfg = Release|Any CPU
		{C3545D21-4EF0-4B72-B724-944648C6C28F}.Release|x64.Build.0 = Release|Any CPU
		{C3545D21-4EF0-4B72-B724-944648C6C28F}.Release|x86.ActiveCfg = Release|Any CPU
		{C3545D21-4EF0-4B72-B724-944648C6C28F}.Release|x86.Build.0 = Release|Any CPU
		{BEE6A274-0EDA-4305-B25B-666812FC10C2}.Debug|Any CPU.ActiveCfg = Debug|Any CPU
		{BEE6A274-0EDA-4305-B25B-666812FC10C2}.Debug|Any CPU.Build.0 = Debug|Any CPU
		{BEE6A274-0EDA-4305-B25B-666812FC10C2}.Debug|x64.ActiveCfg = Debug|Any CPU
		{BEE6A274-0EDA-4305-B25B-666812FC10C2}.Debug|x64.Build.0 = Debug|Any CPU
		{BEE6A274-0EDA-4305-B25B-666812FC10C2}.Debug|x86.ActiveCfg = Debug|Any CPU
		{BEE6A274-0EDA-4305-B25B-666812FC10C2}.Debug|x86.Build.0 = Debug|Any CPU
		{BEE6A274-0EDA-4305-B25B-666812FC10C2}.Release|Any CPU.ActiveCfg = Release|Any CPU
		{BEE6A274-0EDA-4305-B25B-666812FC10C2}.Release|Any CPU.Build.0 = Release|Any CPU
		{BEE6A274-0EDA-4305-B25B-666812FC10C2}.Release|x64.ActiveCfg = Release|Any CPU
		{BEE6A274-0EDA-4305-B25B-666812FC10C2}.Release|x64.Build.0 = Release|Any CPU
		{BEE6A274-0EDA-4305-B25B-666812FC10C2}.Release|x86.ActiveCfg = Release|Any CPU
		{BEE6A274-0EDA-4305-B25B-666812FC10C2}.Release|x86.Build.0 = Release|Any CPU
		{F1BE4413-5B8C-4834-95B2-79F2C4C9D081}.Debug|Any CPU.ActiveCfg = Debug|Any CPU
		{F1BE4413-5B8C-4834-95B2-79F2C4C9D081}.Debug|Any CPU.Build.0 = Debug|Any CPU
		{F1BE4413-5B8C-4834-95B2-79F2C4C9D081}.Debug|x64.ActiveCfg = Debug|Any CPU
		{F1BE4413-5B8C-4834-95B2-79F2C4C9D081}.Debug|x64.Build.0 = Debug|Any CPU
		{F1BE4413-5B8C-4834-95B2-79F2C4C9D081}.Debug|x86.ActiveCfg = Debug|Any CPU
		{F1BE4413-5B8C-4834-95B2-79F2C4C9D081}.Debug|x86.Build.0 = Debug|Any CPU
		{F1BE4413-5B8C-4834-95B2-79F2C4C9D081}.Release|Any CPU.ActiveCfg = Release|Any CPU
		{F1BE4413-5B8C-4834-95B2-79F2C4C9D081}.Release|Any CPU.Build.0 = Release|Any CPU
		{F1BE4413-5B8C-4834-95B2-79F2C4C9D081}.Release|x64.ActiveCfg = Release|Any CPU
		{F1BE4413-5B8C-4834-95B2-79F2C4C9D081}.Release|x64.Build.0 = Release|Any CPU
		{F1BE4413-5B8C-4834-95B2-79F2C4C9D081}.Release|x86.ActiveCfg = Release|Any CPU
		{F1BE4413-5B8C-4834-95B2-79F2C4C9D081}.Release|x86.Build.0 = Release|Any CPU
		{9EB221A3-3E86-4A0F-9FC6-590639FC6FF8}.Debug|Any CPU.ActiveCfg = Debug|Any CPU
		{9EB221A3-3E86-4A0F-9FC6-590639FC6FF8}.Debug|Any CPU.Build.0 = Debug|Any CPU
		{9EB221A3-3E86-4A0F-9FC6-590639FC6FF8}.Debug|x64.ActiveCfg = Debug|Any CPU
		{9EB221A3-3E86-4A0F-9FC6-590639FC6FF8}.Debug|x64.Build.0 = Debug|Any CPU
		{9EB221A3-3E86-4A0F-9FC6-590639FC6FF8}.Debug|x86.ActiveCfg = Debug|Any CPU
		{9EB221A3-3E86-4A0F-9FC6-590639FC6FF8}.Debug|x86.Build.0 = Debug|Any CPU
		{9EB221A3-3E86-4A0F-9FC6-590639FC6FF8}.Release|Any CPU.ActiveCfg = Release|Any CPU
		{9EB221A3-3E86-4A0F-9FC6-590639FC6FF8}.Release|Any CPU.Build.0 = Release|Any CPU
		{9EB221A3-3E86-4A0F-9FC6-590639FC6FF8}.Release|x64.ActiveCfg = Release|Any CPU
		{9EB221A3-3E86-4A0F-9FC6-590639FC6FF8}.Release|x64.Build.0 = Release|Any CPU
		{9EB221A3-3E86-4A0F-9FC6-590639FC6FF8}.Release|x86.ActiveCfg = Release|Any CPU
		{9EB221A3-3E86-4A0F-9FC6-590639FC6FF8}.Release|x86.Build.0 = Release|Any CPU
	EndGlobalSection
	GlobalSection(SolutionProperties) = preSolution
		HideSolutionNode = FALSE
	EndGlobalSection
	GlobalSection(NestedProjects) = preSolution
		{A76CA312-F3BE-4FC7-9CDA-2CCC1F25835F} = {D9FC6A00-3A41-42B5-9C88-D67C0E0BC0A0}
		{C3545D21-4EF0-4B72-B724-944648C6C28F} = {D9FC6A00-3A41-42B5-9C88-D67C0E0BC0A0}
		{BEE6A274-0EDA-4305-B25B-666812FC10C2} = {D9FC6A00-3A41-42B5-9C88-D67C0E0BC0A0}
		{F1BE4413-5B8C-4834-95B2-79F2C4C9D081} = {D9FC6A00-3A41-42B5-9C88-D67C0E0BC0A0}
		{9EB221A3-3E86-4A0F-9FC6-590639FC6FF8} = {D9FC6A00-3A41-42B5-9C88-D67C0E0BC0A0}
	EndGlobalSection
	GlobalSection(ExtensibilityGlobals) = postSolution
		SolutionGuid = {8F009467-F630-43D8-81B1-D38009BB4ECA}
	EndGlobalSection
EndGlobal
